// !$*UTF8*$!
{
	archiveVersion = 1;
	classes = {
	};
	objectVersion = 50;
	objects = {

/* Begin PBXBuildFile section */
		565497DE240A99700098681C /* OpenSans-master in Resources */ = {isa = PBXBuildFile; fileRef = 565497DD240A99700098681C /* OpenSans-master */; };
		8372A443240A814D00049820 /* AppDelegate.swift in Sources */ = {isa = PBXBuildFile; fileRef = 8372A442240A814D00049820 /* AppDelegate.swift */; };
		8372A445240A814D00049820 /* SceneDelegate.swift in Sources */ = {isa = PBXBuildFile; fileRef = 8372A444240A814D00049820 /* SceneDelegate.swift */; };
		8372A447240A814D00049820 /* ViewController.swift in Sources */ = {isa = PBXBuildFile; fileRef = 8372A446240A814D00049820 /* ViewController.swift */; };
		8372A44A240A814D00049820 /* Main.storyboard in Resources */ = {isa = PBXBuildFile; fileRef = 8372A448240A814D00049820 /* Main.storyboard */; };
		8372A44C240A815100049820 /* Assets.xcassets in Resources */ = {isa = PBXBuildFile; fileRef = 8372A44B240A815100049820 /* Assets.xcassets */; };
		8372A44F240A815100049820 /* LaunchScreen.storyboard in Resources */ = {isa = PBXBuildFile; fileRef = 8372A44D240A815100049820 /* LaunchScreen.storyboard */; };
		8372A45A240A815200049820 /* hack24Tests.swift in Sources */ = {isa = PBXBuildFile; fileRef = 8372A459240A815200049820 /* hack24Tests.swift */; };
		8372A465240A815200049820 /* hack24UITests.swift in Sources */ = {isa = PBXBuildFile; fileRef = 8372A464240A815200049820 /* hack24UITests.swift */; };
		8372A475240A81A800049820 /* symptomCell.swift in Sources */ = {isa = PBXBuildFile; fileRef = 8372A474240A81A800049820 /* symptomCell.swift */; };
/* End PBXBuildFile section */

/* Begin PBXContainerItemProxy section */
		8372A456240A815200049820 /* PBXContainerItemProxy */ = {
			isa = PBXContainerItemProxy;
			containerPortal = 8372A437240A814D00049820 /* Project object */;
			proxyType = 1;
			remoteGlobalIDString = 8372A43E240A814D00049820;
			remoteInfo = hack24;
		};
		8372A461240A815200049820 /* PBXContainerItemProxy */ = {
			isa = PBXContainerItemProxy;
			containerPortal = 8372A437240A814D00049820 /* Project object */;
			proxyType = 1;
			remoteGlobalIDString = 8372A43E240A814D00049820;
			remoteInfo = hack24;
		};
/* End PBXContainerItemProxy section */

/* Begin PBXFileReference section */
		565497DD240A99700098681C /* OpenSans-master */ = {isa = PBXFileReference; fileEncoding = 4; lastKnownFileType = text; path = "OpenSans-master"; sourceTree = SOURCE_ROOT; };
		8372A43F240A814D00049820 /* hack24.app */ = {isa = PBXFileReference; explicitFileType = wrapper.application; includeInIndex = 0; path = hack24.app; sourceTree = BUILT_PRODUCTS_DIR; };
		8372A442240A814D00049820 /* AppDelegate.swift */ = {isa = PBXFileReference; lastKnownFileType = sourcecode.swift; path = AppDelegate.swift; sourceTree = "<group>"; };
		8372A444240A814D00049820 /* SceneDelegate.swift */ = {isa = PBXFileReference; lastKnownFileType = sourcecode.swift; path = SceneDelegate.swift; sourceTree = "<group>"; };
		8372A446240A814D00049820 /* ViewController.swift */ = {isa = PBXFileReference; lastKnownFileType = sourcecode.swift; path = ViewController.swift; sourceTree = "<group>"; };
		8372A449240A814D00049820 /* Base */ = {isa = PBXFileReference; lastKnownFileType = file.storyboard; name = Base; path = Base.lproj/Main.storyboard; sourceTree = "<group>"; };
		8372A44B240A815100049820 /* Assets.xcassets */ = {isa = PBXFileReference; lastKnownFileType = folder.assetcatalog; path = Assets.xcassets; sourceTree = "<group>"; };
		8372A44E240A815100049820 /* Base */ = {isa = PBXFileReference; lastKnownFileType = file.storyboard; name = Base; path = Base.lproj/LaunchScreen.storyboard; sourceTree = "<group>"; };
		8372A450240A815100049820 /* Info.plist */ = {isa = PBXFileReference; lastKnownFileType = text.plist.xml; path = Info.plist; sourceTree = "<group>"; };
		8372A455240A815200049820 /* hack24Tests.xctest */ = {isa = PBXFileReference; explicitFileType = wrapper.cfbundle; includeInIndex = 0; path = hack24Tests.xctest; sourceTree = BUILT_PRODUCTS_DIR; };
		8372A459240A815200049820 /* hack24Tests.swift */ = {isa = PBXFileReference; lastKnownFileType = sourcecode.swift; path = hack24Tests.swift; sourceTree = "<group>"; };
		8372A45B240A815200049820 /* Info.plist */ = {isa = PBXFileReference; lastKnownFileType = text.plist.xml; path = Info.plist; sourceTree = "<group>"; };
		8372A460240A815200049820 /* hack24UITests.xctest */ = {isa = PBXFileReference; explicitFileType = wrapper.cfbundle; includeInIndex = 0; path = hack24UITests.xctest; sourceTree = BUILT_PRODUCTS_DIR; };
		8372A464240A815200049820 /* hack24UITests.swift */ = {isa = PBXFileReference; lastKnownFileType = sourcecode.swift; path = hack24UITests.swift; sourceTree = "<group>"; };
		8372A466240A815200049820 /* Info.plist */ = {isa = PBXFileReference; lastKnownFileType = text.plist.xml; path = Info.plist; sourceTree = "<group>"; };
		8372A474240A81A800049820 /* symptomCell.swift */ = {isa = PBXFileReference; lastKnownFileType = sourcecode.swift; path = symptomCell.swift; sourceTree = "<group>"; };
/* End PBXFileReference section */

/* Begin PBXFrameworksBuildPhase section */
		8372A43C240A814D00049820 /* Frameworks */ = {
			isa = PBXFrameworksBuildPhase;
			buildActionMask = 2147483647;
			files = (
			);
			runOnlyForDeploymentPostprocessing = 0;
		};
		8372A452240A815200049820 /* Frameworks */ = {
			isa = PBXFrameworksBuildPhase;
			buildActionMask = 2147483647;
			files = (
			);
			runOnlyForDeploymentPostprocessing = 0;
		};
		8372A45D240A815200049820 /* Frameworks */ = {
			isa = PBXFrameworksBuildPhase;
			buildActionMask = 2147483647;
			files = (
			);
			runOnlyForDeploymentPostprocessing = 0;
		};
/* End PBXFrameworksBuildPhase section */

/* Begin PBXGroup section */
		8372A436240A814D00049820 = {
			isa = PBXGroup;
			children = (
				8372A441240A814D00049820 /* hack24 */,
				8372A458240A815200049820 /* hack24Tests */,
				8372A463240A815200049820 /* hack24UITests */,
				8372A440240A814D00049820 /* Products */,
			);
			sourceTree = "<group>";
		};
		8372A440240A814D00049820 /* Products */ = {
			isa = PBXGroup;
			children = (
				8372A43F240A814D00049820 /* hack24.app */,
				8372A455240A815200049820 /* hack24Tests.xctest */,
				8372A460240A815200049820 /* hack24UITests.xctest */,
			);
			name = Products;
			sourceTree = "<group>";
		};
		8372A441240A814D00049820 /* hack24 */ = {
			isa = PBXGroup;
			children = (
				8372A442240A814D00049820 /* AppDelegate.swift */,
				8372A444240A814D00049820 /* SceneDelegate.swift */,
				8372A446240A814D00049820 /* ViewController.swift */,
				8372A448240A814D00049820 /* Main.storyboard */,
				8372A44B240A815100049820 /* Assets.xcassets */,
				8372A44D240A815100049820 /* LaunchScreen.storyboard */,
				8372A450240A815100049820 /* Info.plist */,
				565497DD240A99700098681C /* OpenSans-master */,
				8372A474240A81A800049820 /* symptomCell.swift */,
			);
			path = hack24;
			sourceTree = "<group>";
		};
		8372A458240A815200049820 /* hack24Tests */ = {
			isa = PBXGroup;
			children = (
				8372A459240A815200049820 /* hack24Tests.swift */,
				8372A45B240A815200049820 /* Info.plist */,
			);
			path = hack24Tests;
			sourceTree = "<group>";
		};
		8372A463240A815200049820 /* hack24UITests */ = {
			isa = PBXGroup;
			children = (
				8372A464240A815200049820 /* hack24UITests.swift */,
				8372A466240A815200049820 /* Info.plist */,
			);
			path = hack24UITests;
			sourceTree = "<group>";
		};
/* End PBXGroup section */

/* Begin PBXNativeTarget section */
		8372A43E240A814D00049820 /* hack24 */ = {
			isa = PBXNativeTarget;
			buildConfigurationList = 8372A469240A815200049820 /* Build configuration list for PBXNativeTarget "hack24" */;
			buildPhases = (
				8372A43B240A814D00049820 /* Sources */,
				8372A43C240A814D00049820 /* Frameworks */,
				8372A43D240A814D00049820 /* Resources */,
			);
			buildRules = (
			);
			dependencies = (
			);
			name = hack24;
			productName = hack24;
			productReference = 8372A43F240A814D00049820 /* hack24.app */;
			productType = "com.apple.product-type.application";
		};
		8372A454240A815200049820 /* hack24Tests */ = {
			isa = PBXNativeTarget;
			buildConfigurationList = 8372A46C240A815200049820 /* Build configuration list for PBXNativeTarget "hack24Tests" */;
			buildPhases = (
				8372A451240A815200049820 /* Sources */,
				8372A452240A815200049820 /* Frameworks */,
				8372A453240A815200049820 /* Resources */,
			);
			buildRules = (
			);
			dependencies = (
				8372A457240A815200049820 /* PBXTargetDependency */,
			);
			name = hack24Tests;
			productName = hack24Tests;
			productReference = 8372A455240A815200049820 /* hack24Tests.xctest */;
			productType = "com.apple.product-type.bundle.unit-test";
		};
		8372A45F240A815200049820 /* hack24UITests */ = {
			isa = PBXNativeTarget;
			buildConfigurationList = 8372A46F240A815200049820 /* Build configuration list for PBXNativeTarget "hack24UITests" */;
			buildPhases = (
				8372A45C240A815200049820 /* Sources */,
				8372A45D240A815200049820 /* Frameworks */,
				8372A45E240A815200049820 /* Resources */,
			);
			buildRules = (
			);
			dependencies = (
				8372A462240A815200049820 /* PBXTargetDependency */,
			);
			name = hack24UITests;
			productName = hack24UITests;
			productReference = 8372A460240A815200049820 /* hack24UITests.xctest */;
			productType = "com.apple.product-type.bundle.ui-testing";
		};
/* End PBXNativeTarget section */

/* Begin PBXProject section */
		8372A437240A814D00049820 /* Project object */ = {
			isa = PBXProject;
			attributes = {
				LastSwiftUpdateCheck = 1130;
				LastUpgradeCheck = 1130;
				ORGANIZATIONNAME = "Subomi Popoola";
				TargetAttributes = {
					8372A43E240A814D00049820 = {
						CreatedOnToolsVersion = 11.3.1;
					};
					8372A454240A815200049820 = {
						CreatedOnToolsVersion = 11.3.1;
						TestTargetID = 8372A43E240A814D00049820;
					};
					8372A45F240A815200049820 = {
						CreatedOnToolsVersion = 11.3.1;
						TestTargetID = 8372A43E240A814D00049820;
					};
				};
			};
			buildConfigurationList = 8372A43A240A814D00049820 /* Build configuration list for PBXProject "hack24" */;
			compatibilityVersion = "Xcode 9.3";
			developmentRegion = en;
			hasScannedForEncodings = 0;
			knownRegions = (
				en,
				Base,
			);
			mainGroup = 8372A436240A814D00049820;
			productRefGroup = 8372A440240A814D00049820 /* Products */;
			projectDirPath = "";
			projectRoot = "";
			targets = (
				8372A43E240A814D00049820 /* hack24 */,
				8372A454240A815200049820 /* hack24Tests */,
				8372A45F240A815200049820 /* hack24UITests */,
			);
		};
/* End PBXProject section */

/* Begin PBXResourcesBuildPhase section */
		8372A43D240A814D00049820 /* Resources */ = {
			isa = PBXResourcesBuildPhase;
			buildActionMask = 2147483647;
			files = (
				8372A44F240A815100049820 /* LaunchScreen.storyboard in Resources */,
				8372A44C240A815100049820 /* Assets.xcassets in Resources */,
				8372A44A240A814D00049820 /* Main.storyboard in Resources */,
				565497DE240A99700098681C /* OpenSans-master in Resources */,
			);
			runOnlyForDeploymentPostprocessing = 0;
		};
		8372A453240A815200049820 /* Resources */ = {
			isa = PBXResourcesBuildPhase;
			buildActionMask = 2147483647;
			files = (
			);
			runOnlyForDeploymentPostprocessing = 0;
		};
		8372A45E240A815200049820 /* Resources */ = {
			isa = PBXResourcesBuildPhase;
			buildActionMask = 2147483647;
			files = (
			);
			runOnlyForDeploymentPostprocessing = 0;
		};
/* End PBXResourcesBuildPhase section */

/* Begin PBXSourcesBuildPhase section */
		8372A43B240A814D00049820 /* Sources */ = {
			isa = PBXSourcesBuildPhase;
			buildActionMask = 2147483647;
			files = (
				8372A447240A814D00049820 /* ViewController.swift in Sources */,
				8372A443240A814D00049820 /* AppDelegate.swift in Sources */,
				8372A475240A81A800049820 /* symptomCell.swift in Sources */,
				8372A445240A814D00049820 /* SceneDelegate.swift in Sources */,
			);
			runOnlyForDeploymentPostprocessing = 0;
		};
		8372A451240A815200049820 /* Sources */ = {
			isa = PBXSourcesBuildPhase;
			buildActionMask = 2147483647;
			files = (
				8372A45A240A815200049820 /* hack24Tests.swift in Sources */,
			);
			runOnlyForDeploymentPostprocessing = 0;
		};
		8372A45C240A815200049820 /* Sources */ = {
			isa = PBXSourcesBuildPhase;
			buildActionMask = 2147483647;
			files = (
				8372A465240A815200049820 /* hack24UITests.swift in Sources */,
			);
			runOnlyForDeploymentPostprocessing = 0;
		};
/* End PBXSourcesBuildPhase section */

/* Begin PBXTargetDependency section */
		8372A457240A815200049820 /* PBXTargetDependency */ = {
			isa = PBXTargetDependency;
			target = 8372A43E240A814D00049820 /* hack24 */;
			targetProxy = 8372A456240A815200049820 /* PBXContainerItemProxy */;
		};
		8372A462240A815200049820 /* PBXTargetDependency */ = {
			isa = PBXTargetDependency;
			target = 8372A43E240A814D00049820 /* hack24 */;
			targetProxy = 8372A461240A815200049820 /* PBXContainerItemProxy */;
		};
/* End PBXTargetDependency section */

/* Begin PBXVariantGroup section */
		8372A448240A814D00049820 /* Main.storyboard */ = {
			isa = PBXVariantGroup;
			children = (
				8372A449240A814D00049820 /* Base */,
			);
			name = Main.storyboard;
			sourceTree = "<group>";
		};
		8372A44D240A815100049820 /* LaunchScreen.storyboard */ = {
			isa = PBXVariantGroup;
			children = (
				8372A44E240A815100049820 /* Base */,
			);
			name = LaunchScreen.storyboard;
			sourceTree = "<group>";
		};
/* End PBXVariantGroup section */

/* Begin XCBuildConfiguration section */
		8372A467240A815200049820 /* Debug */ = {
			isa = XCBuildConfiguration;
			buildSettings = {
				ALWAYS_SEARCH_USER_PATHS = NO;
				CLANG_ANALYZER_NONNULL = YES;
				CLANG_ANALYZER_NUMBER_OBJECT_CONVERSION = YES_AGGRESSIVE;
				CLANG_CXX_LANGUAGE_STANDARD = "gnu++14";
				CLANG_CXX_LIBRARY = "libc++";
				CLANG_ENABLE_MODULES = YES;
				CLANG_ENABLE_OBJC_ARC = YES;
				CLANG_ENABLE_OBJC_WEAK = YES;
				CLANG_WARN_BLOCK_CAPTURE_AUTORELEASING = YES;
				CLANG_WARN_BOOL_CONVERSION = YES;
				CLANG_WARN_COMMA = YES;
				CLANG_WARN_CONSTANT_CONVERSION = YES;
				CLANG_WARN_DEPRECATED_OBJC_IMPLEMENTATIONS = YES;
				CLANG_WARN_DIRECT_OBJC_ISA_USAGE = YES_ERROR;
				CLANG_WARN_DOCUMENTATION_COMMENTS = YES;
				CLANG_WARN_EMPTY_BODY = YES;
				CLANG_WARN_ENUM_CONVERSION = YES;
				CLANG_WARN_INFINITE_RECURSION = YES;
				CLANG_WARN_INT_CONVERSION = YES;
				CLANG_WARN_NON_LITERAL_NULL_CONVERSION = YES;
				CLANG_WARN_OBJC_IMPLICIT_RETAIN_SELF = YES;
				CLANG_WARN_OBJC_LITERAL_CONVERSION = YES;
				CLANG_WARN_OBJC_ROOT_CLASS = YES_ERROR;
				CLANG_WARN_RANGE_LOOP_ANALYSIS = YES;
				CLANG_WARN_STRICT_PROTOTYPES = YES;
				CLANG_WARN_SUSPICIOUS_MOVE = YES;
				CLANG_WARN_UNGUARDED_AVAILABILITY = YES_AGGRESSIVE;
				CLANG_WARN_UNREACHABLE_CODE = YES;
				CLANG_WARN__DUPLICATE_METHOD_MATCH = YES;
				COPY_PHASE_STRIP = NO;
				DEBUG_INFORMATION_FORMAT = dwarf;
				ENABLE_STRICT_OBJC_MSGSEND = YES;
				ENABLE_TESTABILITY = YES;
				GCC_C_LANGUAGE_STANDARD = gnu11;
				GCC_DYNAMIC_NO_PIC = NO;
				GCC_NO_COMMON_BLOCKS = YES;
				GCC_OPTIMIZATION_LEVEL = 0;
				GCC_PREPROCESSOR_DEFINITIONS = (
					"DEBUG=1",
					"$(inherited)",
				);
				GCC_WARN_64_TO_32_BIT_CONVERSION = YES;
				GCC_WARN_ABOUT_RETURN_TYPE = YES_ERROR;
				GCC_WARN_UNDECLARED_SELECTOR = YES;
				GCC_WARN_UNINITIALIZED_AUTOS = YES_AGGRESSIVE;
				GCC_WARN_UNUSED_FUNCTION = YES;
				GCC_WARN_UNUSED_VARIABLE = YES;
				IPHONEOS_DEPLOYMENT_TARGET = 13.2;
				MTL_ENABLE_DEBUG_INFO = INCLUDE_SOURCE;
				MTL_FAST_MATH = YES;
				ONLY_ACTIVE_ARCH = YES;
				SDKROOT = iphoneos;
				SWIFT_ACTIVE_COMPILATION_CONDITIONS = DEBUG;
				SWIFT_OPTIMIZATION_LEVEL = "-Onone";
			};
			name = Debug;
		};
		8372A468240A815200049820 /* Release */ = {
			isa = XCBuildConfiguration;
			buildSettings = {
				ALWAYS_SEARCH_USER_PATHS = NO;
				CLANG_ANALYZER_NONNULL = YES;
				CLANG_ANALYZER_NUMBER_OBJECT_CONVERSION = YES_AGGRESSIVE;
				CLANG_CXX_LANGUAGE_STANDARD = "gnu++14";
				CLANG_CXX_LIBRARY = "libc++";
				CLANG_ENABLE_MODULES = YES;
				CLANG_ENABLE_OBJC_ARC = YES;
				CLANG_ENABLE_OBJC_WEAK = YES;
				CLANG_WARN_BLOCK_CAPTURE_AUTORELEASING = YES;
				CLANG_WARN_BOOL_CONVERSION = YES;
				CLANG_WARN_COMMA = YES;
				CLANG_WARN_CONSTANT_CONVERSION = YES;
				CLANG_WARN_DEPRECATED_OBJC_IMPLEMENTATIONS = YES;
				CLANG_WARN_DIRECT_OBJC_ISA_USAGE = YES_ERROR;
				CLANG_WARN_DOCUMENTATION_COMMENTS = YES;
				CLANG_WARN_EMPTY_BODY = YES;
				CLANG_WARN_ENUM_CONVERSION = YES;
				CLANG_WARN_INFINITE_RECURSION = YES;
				CLANG_WARN_INT_CONVERSION = YES;
				CLANG_WARN_NON_LITERAL_NULL_CONVERSION = YES;
				CLANG_WARN_OBJC_IMPLICIT_RETAIN_SELF = YES;
				CLANG_WARN_OBJC_LITERAL_CONVERSION = YES;
				CLANG_WARN_OBJC_ROOT_CLASS = YES_ERROR;
				CLANG_WARN_RANGE_LOOP_ANALYSIS = YES;
				CLANG_WARN_STRICT_PROTOTYPES = YES;
				CLANG_WARN_SUSPICIOUS_MOVE = YES;
				CLANG_WARN_UNGUARDED_AVAILABILITY = YES_AGGRESSIVE;
				CLANG_WARN_UNREACHABLE_CODE = YES;
				CLANG_WARN__DUPLICATE_METHOD_MATCH = YES;
				COPY_PHASE_STRIP = NO;
				DEBUG_INFORMATION_FORMAT = "dwarf-with-dsym";
				ENABLE_NS_ASSERTIONS = NO;
				ENABLE_STRICT_OBJC_MSGSEND = YES;
				GCC_C_LANGUAGE_STANDARD = gnu11;
				GCC_NO_COMMON_BLOCKS = YES;
				GCC_WARN_64_TO_32_BIT_CONVERSION = YES;
				GCC_WARN_ABOUT_RETURN_TYPE = YES_ERROR;
				GCC_WARN_UNDECLARED_SELECTOR = YES;
				GCC_WARN_UNINITIALIZED_AUTOS = YES_AGGRESSIVE;
				GCC_WARN_UNUSED_FUNCTION = YES;
				GCC_WARN_UNUSED_VARIABLE = YES;
				IPHONEOS_DEPLOYMENT_TARGET = 13.2;
				MTL_ENABLE_DEBUG_INFO = NO;
				MTL_FAST_MATH = YES;
				SDKROOT = iphoneos;
				SWIFT_COMPILATION_MODE = wholemodule;
				SWIFT_OPTIMIZATION_LEVEL = "-O";
				VALIDATE_PRODUCT = YES;
			};
			name = Release;
		};
		8372A46A240A815200049820 /* Debug */ = {
			isa = XCBuildConfiguration;
			buildSettings = {
				ASSETCATALOG_COMPILER_APPICON_NAME = AppIcon;
				CODE_SIGN_STYLE = Automatic;
				DEVELOPMENT_TEAM = RZSQL3J9XN;
				INFOPLIST_FILE = hack24/Info.plist;
				LD_RUNPATH_SEARCH_PATHS = (
					"$(inherited)",
					"@executable_path/Frameworks",
				);
				PRODUCT_BUNDLE_IDENTIFIER = codePath.hack24;
				PRODUCT_NAME = "$(TARGET_NAME)";
				SWIFT_VERSION = 5.0;
				TARGETED_DEVICE_FAMILY = "1,2";
			};
			name = Debug;
		};
		8372A46B240A815200049820 /* Release */ = {
			isa = XCBuildConfiguration;
			buildSettings = {
				ASSETCATALOG_COMPILER_APPICON_NAME = AppIcon;
				CODE_SIGN_STYLE = Automatic;
				DEVELOPMENT_TEAM = RZSQL3J9XN;
				INFOPLIST_FILE = hack24/Info.plist;
				LD_RUNPATH_SEARCH_PATHS = (
					"$(inherited)",
					"@executable_path/Frameworks",
				);
				PRODUCT_BUNDLE_IDENTIFIER = codePath.hack24;
				PRODUCT_NAME = "$(TARGET_NAME)";
				SWIFT_VERSION = 5.0;
				TARGETED_DEVICE_FAMILY = "1,2";
			};
			name = Release;
		};
		8372A46D240A815200049820 /* Debug */ = {
			isa = XCBuildConfiguration;
			buildSettings = {
				ALWAYS_EMBED_SWIFT_STANDARD_LIBRARIES = YES;
				BUNDLE_LOADER = "$(TEST_HOST)";
				CODE_SIGN_STYLE = Automatic;
				DEVELOPMENT_TEAM = 7DF23RMRWS;
				INFOPLIST_FILE = hack24Tests/Info.plist;
				IPHONEOS_DEPLOYMENT_TARGET = 13.2;
				LD_RUNPATH_SEARCH_PATHS = (
					"$(inherited)",
					"@executable_path/Frameworks",
					"@loader_path/Frameworks",
				);
				PRODUCT_BUNDLE_IDENTIFIER = codePath.hack24Tests;
				PRODUCT_NAME = "$(TARGET_NAME)";
				SWIFT_VERSION = 5.0;
				TARGETED_DEVICE_FAMILY = "1,2";
				TEST_HOST = "$(BUILT_PRODUCTS_DIR)/hack24.app/hack24";
			};
			name = Debug;
		};
		8372A46E240A815200049820 /* Release */ = {
			isa = XCBuildConfiguration;
			buildSettings = {
				ALWAYS_EMBED_SWIFT_STANDARD_LIBRARIES = YES;
				BUNDLE_LOADER = "$(TEST_HOST)";
				CODE_SIGN_STYLE = Automatic;
				DEVELOPMENT_TEAM = 7DF23RMRWS;
				INFOPLIST_FILE = hack24Tests/Info.plist;
				IPHONEOS_DEPLOYMENT_TARGET = 13.2;
				LD_RUNPATH_SEARCH_PATHS = (
					"$(inherited)",
					"@executable_path/Frameworks",
					"@loader_path/Frameworks",
				);
				PRODUCT_BUNDLE_IDENTIFIER = codePath.hack24Tests;
				PRODUCT_NAME = "$(TARGET_NAME)";
				SWIFT_VERSION = 5.0;
				TARGETED_DEVICE_FAMILY = "1,2";
				TEST_HOST = "$(BUILT_PRODUCTS_DIR)/hack24.app/hack24";
			};
			name = Release;
		};
		8372A470240A815200049820 /* Debug */ = {
			isa = XCBuildConfiguration;
			buildSettings = {
				ALWAYS_EMBED_SWIFT_STANDARD_LIBRARIES = YES;
				CODE_SIGN_STYLE = Automatic;
				DEVELOPMENT_TEAM = 7DF23RMRWS;
				INFOPLIST_FILE = hack24UITests/Info.plist;
				LD_RUNPATH_SEARCH_PATHS = (
					"$(inherited)",
					"@executable_path/Frameworks",
					"@loader_path/Frameworks",
				);
				PRODUCT_BUNDLE_IDENTIFIER = codePath.hack24UITests;
				PRODUCT_NAME = "$(TARGET_NAME)";
				SWIFT_VERSION = 5.0;
				TARGETED_DEVICE_FAMILY = "1,2";
				TEST_TARGET_NAME = hack24;
			};
			name = Debug;
		};
		8372A471240A815200049820 /* Release */ = {
			isa = XCBuildConfiguration;
			buildSettings = {
				ALWAYS_EMBED_SWIFT_STANDARD_LIBRARIES = YES;
				CODE_SIGN_STYLE = Automatic;
				DEVELOPMENT_TEAM = 7DF23RMRWS;
				INFOPLIST_FILE = hack24UITests/Info.plist;
				LD_RUNPATH_SEARCH_PATHS = (
					"$(inherited)",
					"@executable_path/Frameworks",
					"@loader_path/Frameworks",
				);
				PRODUCT_BUNDLE_IDENTIFIER = codePath.hack24UITests;
				PRODUCT_NAME = "$(TARGET_NAME)";
				SWIFT_VERSION = 5.0;
				TARGETED_DEVICE_FAMILY = "1,2";
				TEST_TARGET_NAME = hack24;
			};
			name = Release;
		};
/* End XCBuildConfiguration section */

/* Begin XCConfigurationList section */
		8372A43A240A814D00049820 /* Build configuration list for PBXProject "hack24" */ = {
			isa = XCConfigurationList;
			buildConfigurations = (
				8372A467240A815200049820 /* Debug */,
				8372A468240A815200049820 /* Release */,
			);
			defaultConfigurationIsVisible = 0;
			defaultConfigurationName = Release;
		};
		8372A469240A815200049820 /* Build configuration list for PBXNativeTarget "hack24" */ = {
			isa = XCConfigurationList;
			buildConfigurations = (
				8372A46A240A815200049820 /* Debug */,
				8372A46B240A815200049820 /* Release */,
			);
			defaultConfigurationIsVisible = 0;
			defaultConfigurationName = Release;
		};
		8372A46C240A815200049820 /* Build configuration list for PBXNativeTarget "hack24Tests" */ = {
			isa = XCConfigurationList;
			buildConfigurations = (
				8372A46D240A815200049820 /* Debug */,
				8372A46E240A815200049820 /* Release */,
			);
			defaultConfigurationIsVisible = 0;
			defaultConfigurationName = Release;
		};
		8372A46F240A815200049820 /* Build configuration list for PBXNativeTarget "hack24UITests" */ = {
			isa = XCConfigurationList;
			buildConfigurations = (
				8372A470240A815200049820 /* Debug */,
				8372A471240A815200049820 /* Release */,
			);
			defaultConfigurationIsVisible = 0;
			defaultConfigurationName = Release;
		};
/* End XCConfigurationList section */
	};
	rootObject = 8372A437240A814D00049820 /* Project object */;
}
